
Microsoft Visual Studio Solution File, Format Version 12.00
# Visual Studio Version 16
VisualStudioVersion = 25.0.1705.5
MinimumVisualStudioVersion = 10.0.40219.1
Project("{FAE04EC0-301F-11D3-BF4B-00C04F79EFBC}") = "ForLoop", "ForLoop.csproj", "{EC1C0F84-2440-43C2-88C0-163DF5AB2F0C}"
EndProject
Global
	GlobalSection(SolutionConfigurationPlatforms) = preSolution
		Debug|Any CPU = Debug|Any CPU
		Release|Any CPU = Release|Any CPU
	EndGlobalSection
	GlobalSection(ProjectConfigurationPlatforms) = postSolution
		{EC1C0F84-2440-43C2-88C0-163DF5AB2F0C}.Debug|Any CPU.ActiveCfg = Debug|Any CPU
		{EC1C0F84-2440-43C2-88C0-163DF5AB2F0C}.Debug|Any CPU.Build.0 = Debug|Any CPU
		{EC1C0F84-2440-43C2-88C0-163DF5AB2F0C}.Release|Any CPU.ActiveCfg = Release|Any CPU
		{EC1C0F84-2440-43C2-88C0-163DF5AB2F0C}.Release|Any CPU.Build.0 = Release|Any CPU
	EndGlobalSection
	GlobalSection(SolutionProperties) = preSolution
		HideSolutionNode = FALSE
	EndGlobalSection
	GlobalSection(ExtensibilityGlobals) = postSolution
		SolutionGuid = {C1115778-7316-4C8B-9F10-4D4811E02E76}
	EndGlobalSection
EndGlobal
